// !$*UTF8*$!
{
	archiveVersion = 1;
	classes = {
	};
	objectVersion = 50;
	objects = {

/* Begin PBXBuildFile section */
		21B8A4522872506800DCB3D9 /* AppDelegate.swift in Sources */ = {isa = PBXBuildFile; fileRef = 21B8A4512872506800DCB3D9 /* AppDelegate.swift */; };
		21B8A4542872506800DCB3D9 /* SceneDelegate.swift in Sources */ = {isa = PBXBuildFile; fileRef = 21B8A4532872506800DCB3D9 /* SceneDelegate.swift */; };
		21B8A4562872506800DCB3D9 /* ViewController.swift in Sources */ = {isa = PBXBuildFile; fileRef = 21B8A4552872506800DCB3D9 /* ViewController.swift */; };
		21B8A4592872506800DCB3D9 /* Main.storyboard in Resources */ = {isa = PBXBuildFile; fileRef = 21B8A4572872506800DCB3D9 /* Main.storyboard */; };
		21B8A45B2872506900DCB3D9 /* Assets.xcassets in Resources */ = {isa = PBXBuildFile; fileRef = 21B8A45A2872506900DCB3D9 /* Assets.xcassets */; };
		21B8A45E2872506900DCB3D9 /* LaunchScreen.storyboard in Resources */ = {isa = PBXBuildFile; fileRef = 21B8A45C2872506900DCB3D9 /* LaunchScreen.storyboard */; };
		21B8A4692872506900DCB3D9 /* structTests.swift in Sources */ = {isa = PBXBuildFile; fileRef = 21B8A4682872506900DCB3D9 /* structTests.swift */; };
		21B8A4742872506900DCB3D9 /* structUITests.swift in Sources */ = {isa = PBXBuildFile; fileRef = 21B8A4732872506900DCB3D9 /* structUITests.swift */; };
/* End PBXBuildFile section */

/* Begin PBXContainerItemProxy section */
		21B8A4652872506900DCB3D9 /* PBXContainerItemProxy */ = {
			isa = PBXContainerItemProxy;
			containerPortal = 21B8A4462872506800DCB3D9 /* Project object */;
			proxyType = 1;
			remoteGlobalIDString = 21B8A44D2872506800DCB3D9;
			remoteInfo = struct;
		};
		21B8A4702872506900DCB3D9 /* PBXContainerItemProxy */ = {
			isa = PBXContainerItemProxy;
			containerPortal = 21B8A4462872506800DCB3D9 /* Project object */;
			proxyType = 1;
			remoteGlobalIDString = 21B8A44D2872506800DCB3D9;
			remoteInfo = struct;
		};
/* End PBXContainerItemProxy section */

/* Begin PBXFileReference section */
		21B8A44E2872506800DCB3D9 /* struct.app */ = {isa = PBXFileReference; explicitFileType = wrapper.application; includeInIndex = 0; path = struct.app; sourceTree = BUILT_PRODUCTS_DIR; };
		21B8A4512872506800DCB3D9 /* AppDelegate.swift */ = {isa = PBXFileReference; lastKnownFileType = sourcecode.swift; path = AppDelegate.swift; sourceTree = "<group>"; };
		21B8A4532872506800DCB3D9 /* SceneDelegate.swift */ = {isa = PBXFileReference; lastKnownFileType = sourcecode.swift; path = SceneDelegate.swift; sourceTree = "<group>"; };
		21B8A4552872506800DCB3D9 /* ViewController.swift */ = {isa = PBXFileReference; lastKnownFileType = sourcecode.swift; path = ViewController.swift; sourceTree = "<group>"; };
		21B8A4582872506800DCB3D9 /* Base */ = {isa = PBXFileReference; lastKnownFileType = file.storyboard; name = Base; path = Base.lproj/Main.storyboard; sourceTree = "<group>"; };
		21B8A45A2872506900DCB3D9 /* Assets.xcassets */ = {isa = PBXFileReference; lastKnownFileType = folder.assetcatalog; path = Assets.xcassets; sourceTree = "<group>"; };
		21B8A45D2872506900DCB3D9 /* Base */ = {isa = PBXFileReference; lastKnownFileType = file.storyboard; name = Base; path = Base.lproj/LaunchScreen.storyboard; sourceTree = "<group>"; };
		21B8A45F2872506900DCB3D9 /* Info.plist */ = {isa = PBXFileReference; lastKnownFileType = text.plist.xml; path = Info.plist; sourceTree = "<group>"; };
		21B8A4642872506900DCB3D9 /* structTests.xctest */ = {isa = PBXFileReference; explicitFileType = wrapper.cfbundle; includeInIndex = 0; path = structTests.xctest; sourceTree = BUILT_PRODUCTS_DIR; };
		21B8A4682872506900DCB3D9 /* structTests.swift */ = {isa = PBXFileReference; lastKnownFileType = sourcecode.swift; path = structTests.swift; sourceTree = "<group>"; };
		21B8A46A2872506900DCB3D9 /* Info.plist */ = {isa = PBXFileReference; lastKnownFileType = text.plist.xml; path = Info.plist; sourceTree = "<group>"; };
		21B8A46F2872506900DCB3D9 /* structUITests.xctest */ = {isa = PBXFileReference; explicitFileType = wrapper.cfbundle; includeInIndex = 0; path = structUITests.xctest; sourceTree = BUILT_PRODUCTS_DIR; };
		21B8A4732872506900DCB3D9 /* structUITests.swift */ = {isa = PBXFileReference; lastKnownFileType = sourcecode.swift; path = structUITests.swift; sourceTree = "<group>"; };
		21B8A4752872506900DCB3D9 /* Info.plist */ = {isa = PBXFileReference; lastKnownFileType = text.plist.xml; path = Info.plist; sourceTree = "<group>"; };
/* End PBXFileReference section */

/* Begin PBXFrameworksBuildPhase section */
		21B8A44B2872506800DCB3D9 /* Frameworks */ = {
			isa = PBXFrameworksBuildPhase;
			buildActionMask = 2147483647;
			files = (
			);
			runOnlyForDeploymentPostprocessing = 0;
		};
		21B8A4612872506900DCB3D9 /* Frameworks */ = {
			isa = PBXFrameworksBuildPhase;
			buildActionMask = 2147483647;
			files = (
			);
			runOnlyForDeploymentPostprocessing = 0;
		};
		21B8A46C2872506900DCB3D9 /* Frameworks */ = {
			isa = PBXFrameworksBuildPhase;
			buildActionMask = 2147483647;
			files = (
			);
			runOnlyForDeploymentPostprocessing = 0;
		};
/* End PBXFrameworksBuildPhase section */

/* Begin PBXGroup section */
		21B8A4452872506800DCB3D9 = {
			isa = PBXGroup;
			children = (
				21B8A4502872506800DCB3D9 /* struct */,
				21B8A4672872506900DCB3D9 /* structTests */,
				21B8A4722872506900DCB3D9 /* structUITests */,
				21B8A44F2872506800DCB3D9 /* Products */,
			);
			sourceTree = "<group>";
		};
		21B8A44F2872506800DCB3D9 /* Products */ = {
			isa = PBXGroup;
			children = (
				21B8A44E2872506800DCB3D9 /* struct.app */,
				21B8A4642872506900DCB3D9 /* structTests.xctest */,
				21B8A46F2872506900DCB3D9 /* structUITests.xctest */,
			);
			name = Products;
			sourceTree = "<group>";
		};
		21B8A4502872506800DCB3D9 /* struct */ = {
			isa = PBXGroup;
			children = (
				21B8A4512872506800DCB3D9 /* AppDelegate.swift */,
				21B8A4532872506800DCB3D9 /* SceneDelegate.swift */,
				21B8A4552872506800DCB3D9 /* ViewController.swift */,
				21B8A4572872506800DCB3D9 /* Main.storyboard */,
				21B8A45A2872506900DCB3D9 /* Assets.xcassets */,
				21B8A45C2872506900DCB3D9 /* LaunchScreen.storyboard */,
				21B8A45F2872506900DCB3D9 /* Info.plist */,
			);
			path = struct;
			sourceTree = "<group>";
		};
		21B8A4672872506900DCB3D9 /* structTests */ = {
			isa = PBXGroup;
			children = (
				21B8A4682872506900DCB3D9 /* structTests.swift */,
				21B8A46A2872506900DCB3D9 /* Info.plist */,
			);
			path = structTests;
			sourceTree = "<group>";
		};
		21B8A4722872506900DCB3D9 /* structUITests */ = {
			isa = PBXGroup;
			children = (
				21B8A4732872506900DCB3D9 /* structUITests.swift */,
				21B8A4752872506900DCB3D9 /* Info.plist */,
			);
			path = structUITests;
			sourceTree = "<group>";
		};
/* End PBXGroup section */

/* Begin PBXNativeTarget section */
		21B8A44D2872506800DCB3D9 /* struct */ = {
			isa = PBXNativeTarget;
			buildConfigurationList = 21B8A4782872506900DCB3D9 /* Build configuration list for PBXNativeTarget "struct" */;
			buildPhases = (
				21B8A44A2872506800DCB3D9 /* Sources */,
				21B8A44B2872506800DCB3D9 /* Frameworks */,
				21B8A44C2872506800DCB3D9 /* Resources */,
			);
			buildRules = (
			);
			dependencies = (
			);
			name = struct;
			productName = struct;
			productReference = 21B8A44E2872506800DCB3D9 /* struct.app */;
			productType = "com.apple.product-type.application";
		};
		21B8A4632872506900DCB3D9 /* structTests */ = {
			isa = PBXNativeTarget;
			buildConfigurationList = 21B8A47B2872506900DCB3D9 /* Build configuration list for PBXNativeTarget "structTests" */;
			buildPhases = (
				21B8A4602872506900DCB3D9 /* Sources */,
				21B8A4612872506900DCB3D9 /* Frameworks */,
				21B8A4622872506900DCB3D9 /* Resources */,
			);
			buildRules = (
			);
			dependencies = (
				21B8A4662872506900DCB3D9 /* PBXTargetDependency */,
			);
			name = structTests;
			productName = structTests;
			productReference = 21B8A4642872506900DCB3D9 /* structTests.xctest */;
			productType = "com.apple.product-type.bundle.unit-test";
		};
		21B8A46E2872506900DCB3D9 /* structUITests */ = {
			isa = PBXNativeTarget;
			buildConfigurationList = 21B8A47E2872506900DCB3D9 /* Build configuration list for PBXNativeTarget "structUITests" */;
			buildPhases = (
				21B8A46B2872506900DCB3D9 /* Sources */,
				21B8A46C2872506900DCB3D9 /* Frameworks */,
				21B8A46D2872506900DCB3D9 /* Resources */,
			);
			buildRules = (
			);
			dependencies = (
				21B8A4712872506900DCB3D9 /* PBXTargetDependency */,
			);
			name = structUITests;
			productName = structUITests;
			productReference = 21B8A46F2872506900DCB3D9 /* structUITests.xctest */;
			productType = "com.apple.product-type.bundle.ui-testing";
		};
/* End PBXNativeTarget section */

/* Begin PBXProject section */
		21B8A4462872506800DCB3D9 /* Project object */ = {
			isa = PBXProject;
			attributes = {
				LastSwiftUpdateCheck = 1250;
				LastUpgradeCheck = 1250;
				TargetAttributes = {
					21B8A44D2872506800DCB3D9 = {
						CreatedOnToolsVersion = 12.5.1;
					};
					21B8A4632872506900DCB3D9 = {
						CreatedOnToolsVersion = 12.5.1;
						TestTargetID = 21B8A44D2872506800DCB3D9;
					};
					21B8A46E2872506900DCB3D9 = {
						CreatedOnToolsVersion = 12.5.1;
						TestTargetID = 21B8A44D2872506800DCB3D9;
					};
				};
			};
			buildConfigurationList = 21B8A4492872506800DCB3D9 /* Build configuration list for PBXProject "struct" */;
			compatibilityVersion = "Xcode 9.3";
			developmentRegion = en;
			hasScannedForEncodings = 0;
			knownRegions = (
				en,
				Base,
			);
			mainGroup = 21B8A4452872506800DCB3D9;
			productRefGroup = 21B8A44F2872506800DCB3D9 /* Products */;
			projectDirPath = "";
			projectRoot = "";
			targets = (
				21B8A44D2872506800DCB3D9 /* struct */,
				21B8A4632872506900DCB3D9 /* structTests */,
				21B8A46E2872506900DCB3D9 /* structUITests */,
			);
		};
/* End PBXProject section */

/* Begin PBXResourcesBuildPhase section */
		21B8A44C2872506800DCB3D9 /* Resources */ = {
			isa = PBXResourcesBuildPhase;
			buildActionMask = 2147483647;
			files = (
				21B8A45E2872506900DCB3D9 /* LaunchScreen.storyboard in Resources */,
				21B8A45B2872506900DCB3D9 /* Assets.xcassets in Resources */,
				21B8A4592872506800DCB3D9 /* Main.storyboard in Resources */,
			);
			runOnlyForDeploymentPostprocessing = 0;
		};
		21B8A4622872506900DCB3D9 /* Resources */ = {
			isa = PBXResourcesBuildPhase;
			buildActionMask = 2147483647;
			files = (
			);
			runOnlyForDeploymentPostprocessing = 0;
		};
		21B8A46D2872506900DCB3D9 /* Resources */ = {
			isa = PBXResourcesBuildPhase;
			buildActionMask = 2147483647;
			files = (
			);
			runOnlyForDeploymentPostprocessing = 0;
		};
/* End PBXResourcesBuildPhase section */

/* Begin PBXSourcesBuildPhase section */
		21B8A44A2872506800DCB3D9 /* Sources */ = {
			isa = PBXSourcesBuildPhase;
			buildActionMask = 2147483647;
			files = (
				21B8A4562872506800DCB3D9 /* ViewController.swift in Sources */,
				21B8A4522872506800DCB3D9 /* AppDelegate.swift in Sources */,
				21B8A4542872506800DCB3D9 /* SceneDelegate.swift in Sources */,
			);
			runOnlyForDeploymentPostprocessing = 0;
		};
		21B8A4602872506900DCB3D9 /* Sources */ = {
			isa = PBXSourcesBuildPhase;
			buildActionMask = 2147483647;
			files = (
				21B8A4692872506900DCB3D9 /* structTests.swift in Sources */,
			);
			runOnlyForDeploymentPostprocessing = 0;
		};
		21B8A46B2872506900DCB3D9 /* Sources */ = {
			isa = PBXSourcesBuildPhase;
			buildActionMask = 2147483647;
			files = (
				21B8A4742872506900DCB3D9 /* structUITests.swift in Sources */,
			);
			runOnlyForDeploymentPostprocessing = 0;
		};
/* End PBXSourcesBuildPhase section */

/* Begin PBXTargetDependency section */
		21B8A4662872506900DCB3D9 /* PBXTargetDependency */ = {
			isa = PBXTargetDependency;
			target = 21B8A44D2872506800DCB3D9 /* struct */;
			targetProxy = 21B8A4652872506900DCB3D9 /* PBXContainerItemProxy */;
		};
		21B8A4712872506900DCB3D9 /* PBXTargetDependency */ = {
			isa = PBXTargetDependency;
			target = 21B8A44D2872506800DCB3D9 /* struct */;
			targetProxy = 21B8A4702872506900DCB3D9 /* PBXContainerItemProxy */;
		};
/* End PBXTargetDependency section */

/* Begin PBXVariantGroup section */
		21B8A4572872506800DCB3D9 /* Main.storyboard */ = {
			isa = PBXVariantGroup;
			children = (
				21B8A4582872506800DCB3D9 /* Base */,
			);
			name = Main.storyboard;
			sourceTree = "<group>";
		};
		21B8A45C2872506900DCB3D9 /* LaunchScreen.storyboard */ = {
			isa = PBXVariantGroup;
			children = (
				21B8A45D2872506900DCB3D9 /* Base */,
			);
			name = LaunchScreen.storyboard;
			sourceTree = "<group>";
		};
/* End PBXVariantGroup section */

/* Begin XCBuildConfiguration section */
		21B8A4762872506900DCB3D9 /* Debug */ = {
			isa = XCBuildConfiguration;
			buildSettings = {
				ALWAYS_SEARCH_USER_PATHS = NO;
				CLANG_ANALYZER_NONNULL = YES;
				CLANG_ANALYZER_NUMBER_OBJECT_CONVERSION = YES_AGGRESSIVE;
				CLANG_CXX_LANGUAGE_STANDARD = "gnu++14";
				CLANG_CXX_LIBRARY = "libc++";
				CLANG_ENABLE_MODULES = YES;
				CLANG_ENABLE_OBJC_ARC = YES;
				CLANG_ENABLE_OBJC_WEAK = YES;
				CLANG_WARN_BLOCK_CAPTURE_AUTORELEASING = YES;
				CLANG_WARN_BOOL_CONVERSION = YES;
				CLANG_WARN_COMMA = YES;
				CLANG_WARN_CONSTANT_CONVERSION = YES;
				CLANG_WARN_DEPRECATED_OBJC_IMPLEMENTATIONS = YES;
				CLANG_WARN_DIRECT_OBJC_ISA_USAGE = YES_ERROR;
				CLANG_WARN_DOCUMENTATION_COMMENTS = YES;
				CLANG_WARN_EMPTY_BODY = YES;
				CLANG_WARN_ENUM_CONVERSION = YES;
				CLANG_WARN_INFINITE_RECURSION = YES;
				CLANG_WARN_INT_CONVERSION = YES;
				CLANG_WARN_NON_LITERAL_NULL_CONVERSION = YES;
				CLANG_WARN_OBJC_IMPLICIT_RETAIN_SELF = YES;
				CLANG_WARN_OBJC_LITERAL_CONVERSION = YES;
				CLANG_WARN_OBJC_ROOT_CLASS = YES_ERROR;
				CLANG_WARN_QUOTED_INCLUDE_IN_FRAMEWORK_HEADER = YES;
				CLANG_WARN_RANGE_LOOP_ANALYSIS = YES;
				CLANG_WARN_STRICT_PROTOTYPES = YES;
				CLANG_WARN_SUSPICIOUS_MOVE = YES;
				CLANG_WARN_UNGUARDED_AVAILABILITY = YES_AGGRESSIVE;
				CLANG_WARN_UNREACHABLE_CODE = YES;
				CLANG_WARN__DUPLICATE_METHOD_MATCH = YES;
				COPY_PHASE_STRIP = NO;
				DEBUG_INFORMATION_FORMAT = dwarf;
				ENABLE_STRICT_OBJC_MSGSEND = YES;
				ENABLE_TESTABILITY = YES;
				GCC_C_LANGUAGE_STANDARD = gnu11;
				GCC_DYNAMIC_NO_PIC = NO;
				GCC_NO_COMMON_BLOCKS = YES;
				GCC_OPTIMIZATION_LEVEL = 0;
				GCC_PREPROCESSOR_DEFINITIONS = (
					"DEBUG=1",
					"$(inherited)",
				);
				GCC_WARN_64_TO_32_BIT_CONVERSION = YES;
				GCC_WARN_ABOUT_RETURN_TYPE = YES_ERROR;
				GCC_WARN_UNDECLARED_SELECTOR = YES;
				GCC_WARN_UNINITIALIZED_AUTOS = YES_AGGRESSIVE;
				GCC_WARN_UNUSED_FUNCTION = YES;
				GCC_WARN_UNUSED_VARIABLE = YES;
				IPHONEOS_DEPLOYMENT_TARGET = 14.5;
				MTL_ENABLE_DEBUG_INFO = INCLUDE_SOURCE;
				MTL_FAST_MATH = YES;
				ONLY_ACTIVE_ARCH = YES;
				SDKROOT = iphoneos;
				SWIFT_ACTIVE_COMPILATION_CONDITIONS = DEBUG;
				SWIFT_OPTIMIZATION_LEVEL = "-Onone";
			};
			name = Debug;
		};
		21B8A4772872506900DCB3D9 /* Release */ = {
			isa = XCBuildConfiguration;
			buildSettings = {
				ALWAYS_SEARCH_USER_PATHS = NO;
				CLANG_ANALYZER_NONNULL = YES;
				CLANG_ANALYZER_NUMBER_OBJECT_CONVERSION = YES_AGGRESSIVE;
				CLANG_CXX_LANGUAGE_STANDARD = "gnu++14";
				CLANG_CXX_LIBRARY = "libc++";
				CLANG_ENABLE_MODULES = YES;
				CLANG_ENABLE_OBJC_ARC = YES;
				CLANG_ENABLE_OBJC_WEAK = YES;
				CLANG_WARN_BLOCK_CAPTURE_AUTORELEASING = YES;
				CLANG_WARN_BOOL_CONVERSION = YES;
				CLANG_WARN_COMMA = YES;
				CLANG_WARN_CONSTANT_CONVERSION = YES;
				CLANG_WARN_DEPRECATED_OBJC_IMPLEMENTATIONS = YES;
				CLANG_WARN_DIRECT_OBJC_ISA_USAGE = YES_ERROR;
				CLANG_WARN_DOCUMENTATION_COMMENTS = YES;
				CLANG_WARN_EMPTY_BODY = YES;
				CLANG_WARN_ENUM_CONVERSION = YES;
				CLANG_WARN_INFINITE_RECURSION = YES;
				CLANG_WARN_INT_CONVERSION = YES;
				CLANG_WARN_NON_LITERAL_NULL_CONVERSION = YES;
				CLANG_WARN_OBJC_IMPLICIT_RETAIN_SELF = YES;
				CLANG_WARN_OBJC_LITERAL_CONVERSION = YES;
				CLANG_WARN_OBJC_ROOT_CLASS = YES_ERROR;
				CLANG_WARN_QUOTED_INCLUDE_IN_FRAMEWORK_HEADER = YES;
				CLANG_WARN_RANGE_LOOP_ANALYSIS = YES;
				CLANG_WARN_STRICT_PROTOTYPES = YES;
				CLANG_WARN_SUSPICIOUS_MOVE = YES;
				CLANG_WARN_UNGUARDED_AVAILABILITY = YES_AGGRESSIVE;
				CLANG_WARN_UNREACHABLE_CODE = YES;
				CLANG_WARN__DUPLICATE_METHOD_MATCH = YES;
				COPY_PHASE_STRIP = NO;
				DEBUG_INFORMATION_FORMAT = "dwarf-with-dsym";
				ENABLE_NS_ASSERTIONS = NO;
				ENABLE_STRICT_OBJC_MSGSEND = YES;
				GCC_C_LANGUAGE_STANDARD = gnu11;
				GCC_NO_COMMON_BLOCKS = YES;
				GCC_WARN_64_TO_32_BIT_CONVERSION = YES;
				GCC_WARN_ABOUT_RETURN_TYPE = YES_ERROR;
				GCC_WARN_UNDECLARED_SELECTOR = YES;
				GCC_WARN_UNINITIALIZED_AUTOS = YES_AGGRESSIVE;
				GCC_WARN_UNUSED_FUNCTION = YES;
				GCC_WARN_UNUSED_VARIABLE = YES;
				IPHONEOS_DEPLOYMENT_TARGET = 14.5;
				MTL_ENABLE_DEBUG_INFO = NO;
				MTL_FAST_MATH = YES;
				SDKROOT = iphoneos;
				SWIFT_COMPILATION_MODE = wholemodule;
				SWIFT_OPTIMIZATION_LEVEL = "-O";
				VALIDATE_PRODUCT = YES;
			};
			name = Release;
		};
		21B8A4792872506900DCB3D9 /* Debug */ = {
			isa = XCBuildConfiguration;
			buildSettings = {
				ASSETCATALOG_COMPILER_APPICON_NAME = AppIcon;
				ASSETCATALOG_COMPILER_GLOBAL_ACCENT_COLOR_NAME = AccentColor;
				CODE_SIGN_STYLE = Automatic;
				DEVELOPMENT_TEAM = 3BX64U658L;
				INFOPLIST_FILE = struct/Info.plist;
				LD_RUNPATH_SEARCH_PATHS = (
					"$(inherited)",
					"@executable_path/Frameworks",
				);
				PRODUCT_BUNDLE_IDENTIFIER = com.melih.test1.struct;
				PRODUCT_NAME = "$(TARGET_NAME)";
				SWIFT_VERSION = 5.0;
				TARGETED_DEVICE_FAMILY = "1,2";
			};
			name = Debug;
		};
		21B8A47A2872506900DCB3D9 /* Release */ = {
			isa = XCBuildConfiguration;
			buildSettings = {
				ASSETCATALOG_COMPILER_APPICON_NAME = AppIcon;
				ASSETCATALOG_COMPILER_GLOBAL_ACCENT_COLOR_NAME = AccentColor;
				CODE_SIGN_STYLE = Automatic;
				DEVELOPMENT_TEAM = 3BX64U658L;
				INFOPLIST_FILE = struct/Info.plist;
				LD_RUNPATH_SEARCH_PATHS = (
					"$(inherited)",
					"@executable_path/Frameworks",
				);
				PRODUCT_BUNDLE_IDENTIFIER = com.melih.test1.struct;
				PRODUCT_NAME = "$(TARGET_NAME)";
				SWIFT_VERSION = 5.0;
				TARGETED_DEVICE_FAMILY = "1,2";
			};
			name = Release;
		};
		21B8A47C2872506900DCB3D9 /* Debug */ = {
			isa = XCBuildConfiguration;
			buildSettings = {
				ALWAYS_EMBED_SWIFT_STANDARD_LIBRARIES = YES;
				BUNDLE_LOADER = "$(TEST_HOST)";
				CODE_SIGN_STYLE = Automatic;
				DEVELOPMENT_TEAM = 3BX64U658L;
				INFOPLIST_FILE = structTests/Info.plist;
				IPHONEOS_DEPLOYMENT_TARGET = 14.5;
				LD_RUNPATH_SEARCH_PATHS = (
					"$(inherited)",
					"@executable_path/Frameworks",
					"@loader_path/Frameworks",
				);
				PRODUCT_BUNDLE_IDENTIFIER = com.melih.test1.structTests;
				PRODUCT_NAME = "$(TARGET_NAME)";
				SWIFT_VERSION = 5.0;
				TARGETED_DEVICE_FAMILY = "1,2";
				TEST_HOST = "$(BUILT_PRODUCTS_DIR)/struct.app/struct";
			};
			name = Debug;
		};
		21B8A47D2872506900DCB3D9 /* Release */ = {
			isa = XCBuildConfiguration;
			buildSettings = {
				ALWAYS_EMBED_SWIFT_STANDARD_LIBRARIES = YES;
				BUNDLE_LOADER = "$(TEST_HOST)";
				CODE_SIGN_STYLE = Automatic;
				DEVELOPMENT_TEAM = 3BX64U658L;
				INFOPLIST_FILE = structTests/Info.plist;
				IPHONEOS_DEPLOYMENT_TARGET = 14.5;
				LD_RUNPATH_SEARCH_PATHS = (
					"$(inherited)",
					"@executable_path/Frameworks",
					"@loader_path/Frameworks",
				);
				PRODUCT_BUNDLE_IDENTIFIER = com.melih.test1.structTests;
				PRODUCT_NAME = "$(TARGET_NAME)";
				SWIFT_VERSION = 5.0;
				TARGETED_DEVICE_FAMILY = "1,2";
				TEST_HOST = "$(BUILT_PRODUCTS_DIR)/struct.app/struct";
			};
			name = Release;
		};
		21B8A47F2872506900DCB3D9 /* Debug */ = {
			isa = XCBuildConfiguration;
			buildSettings = {
				ALWAYS_EMBED_SWIFT_STANDARD_LIBRARIES = YES;
				CODE_SIGN_STYLE = Automatic;
				DEVELOPMENT_TEAM = 3BX64U658L;
				INFOPLIST_FILE = structUITests/Info.plist;
				LD_RUNPATH_SEARCH_PATHS = (
					"$(inherited)",
					"@executable_path/Frameworks",
					"@loader_path/Frameworks",
				);
				PRODUCT_BUNDLE_IDENTIFIER = com.melih.test1.structUITests;
				PRODUCT_NAME = "$(TARGET_NAME)";
				SWIFT_VERSION = 5.0;
				TARGETED_DEVICE_FAMILY = "1,2";
				TEST_TARGET_NAME = struct;
			};
			name = Debug;
		};
		21B8A4802872506900DCB3D9 /* Release */ = {
			isa = XCBuildConfiguration;
			buildSettings = {
				ALWAYS_EMBED_SWIFT_STANDARD_LIBRARIES = YES;
				CODE_SIGN_STYLE = Automatic;
				DEVELOPMENT_TEAM = 3BX64U658L;
				INFOPLIST_FILE = structUITests/Info.plist;
				LD_RUNPATH_SEARCH_PATHS = (
					"$(inherited)",
					"@executable_path/Frameworks",
					"@loader_path/Frameworks",
				);
				PRODUCT_BUNDLE_IDENTIFIER = com.melih.test1.structUITests;
				PRODUCT_NAME = "$(TARGET_NAME)";
				SWIFT_VERSION = 5.0;
				TARGETED_DEVICE_FAMILY = "1,2";
				TEST_TARGET_NAME = struct;
			};
			name = Release;
		};
/* End XCBuildConfiguration section */

/* Begin XCConfigurationList section */
		21B8A4492872506800DCB3D9 /* Build configuration list for PBXProject "struct" */ = {
			isa = XCConfigurationList;
			buildConfigurations = (
				21B8A4762872506900DCB3D9 /* Debug */,
				21B8A4772872506900DCB3D9 /* Release */,
			);
			defaultConfigurationIsVisible = 0;
			defaultConfigurationName = Release;
		};
		21B8A4782872506900DCB3D9 /* Build configuration list for PBXNativeTarget "struct" */ = {
			isa = XCConfigurationList;
			buildConfigurations = (
				21B8A4792872506900DCB3D9 /* Debug */,
				21B8A47A2872506900DCB3D9 /* Release */,
			);
			defaultConfigurationIsVisible = 0;
			defaultConfigurationName = Release;
		};
		21B8A47B2872506900DCB3D9 /* Build configuration list for PBXNativeTarget "structTests" */ = {
			isa = XCConfigurationList;
			buildConfigurations = (
				21B8A47C2872506900DCB3D9 /* Debug */,
				21B8A47D2872506900DCB3D9 /* Release */,
			);
			defaultConfigurationIsVisible = 0;
			defaultConfigurationName = Release;
		};
		21B8A47E2872506900DCB3D9 /* Build configuration list for PBXNativeTarget "structUITests" */ = {
			isa = XCConfigurationList;
			buildConfigurations = (
				21B8A47F2872506900DCB3D9 /* Debug */,
				21B8A4802872506900DCB3D9 /* Release */,
			);
			defaultConfigurationIsVisible = 0;
			defaultConfigurationName = Release;
		};
/* End XCConfigurationList section */
	};
	rootObject = 21B8A4462872506800DCB3D9 /* Project object */;
}
